{
    "_readme": [
        "This file locks the dependencies of your project to a known state",
        "Read more about it at https://getcomposer.org/doc/01-basic-usage.md#installing-dependencies",
        "This file is @generated automatically"
    ],
    "content-hash": "e107c269ba5a3c8c243c58016c2875a9",
    "packages": [
        {
            "name": "nserdashenko/mediocre",
            "version": "dev-master",
            "source": {
                "type": "git",
                "url": "https://github.com/nsdash/medoicre.git",
                "reference": "5c1159de57c297941b9a2998aee8b2b66a4ba4e9"
            },
            "dist": {
                "type": "zip",
                "url": "https://api.github.com/repos/nsdash/medoicre/zipball/5c1159de57c297941b9a2998aee8b2b66a4ba4e9",
                "reference": "5c1159de57c297941b9a2998aee8b2b66a4ba4e9",
                "shasum": ""
            },
            "require": {
                "ext-pdo": "*",
                "php": ">=8.1"
            },
            "default-branch": true,
            "type": "package",
            "autoload": {
                "psr-4": {
                    "Mediocre\\": "src/"
                }
            },
            "notification-url": "https://packagist.org/downloads/",
            "license": [
                "proprietary"
            ],
            "authors": [
                {
                    "name": "Nikita Serdashenko",
                    "email": "serdasheko@mail.ru"
                }
            ],
            "description": "Mediocre package (DI, Router, CLI, MysqlDriver, Migrations)",
            "support": {
                "issues": "https://github.com/nsdash/medoicre/issues",
                "source": "https://github.com/nsdash/medoicre/tree/master"
            },
            "time": "2022-12-16T12:56:52+00:00"
        }
    ],
    "packages-dev": [],
    "aliases": [],
    "minimum-stability": "alpha",
    "stability-flags": {
        "nserdashenko/mediocre": 20
    },
    "prefer-stable": true,
    "prefer-lowest": false,
    "platform": {
        "php": ">=8.1",
        "ext-pdo": "*"
    },
    "platform-dev": [],
    "plugin-api-version": "2.3.0"
}
